
Microsoft Visual Studio Solution File, Format Version 12.00
Project("{FAE04EC0-301F-11D3-BF4B-00C04F79EFBC}") = "TestSquareRootOrReverse", "TestSquareRootOrReverse\TestSquareRootOrReverse.csproj", "{339930CC-CDAA-4A58-9987-7E280949892B}"
EndProject
Global
	GlobalSection(SolutionConfigurationPlatforms) = preSolution
		Debug|Any CPU = Debug|Any CPU
		Release|Any CPU = Release|Any CPU
	EndGlobalSection
	GlobalSection(ProjectConfigurationPlatforms) = postSolution
		{339930CC-CDAA-4A58-9987-7E280949892B}.Debug|Any CPU.ActiveCfg = Debug|Any CPU
		{339930CC-CDAA-4A58-9987-7E280949892B}.Debug|Any CPU.Build.0 = Debug|Any CPU
		{339930CC-CDAA-4A58-9987-7E280949892B}.Release|Any CPU.ActiveCfg = Release|Any CPU
		{339930CC-CDAA-4A58-9987-7E280949892B}.Release|Any CPU.Build.0 = Release|Any CPU
	EndGlobalSection
EndGlobal
